
Microsoft Visual Studio Solution File, Format Version 12.00
# Visual Studio 15
VisualStudioVersion = 15.0.27428.2011
MinimumVisualStudioVersion = 10.0.40219.1
Project("{888888A0-9F3D-457C-B088-3A5042F75D52}") = "Session 5", "WebProject1\Session 5.pyproj", "{766642B4-A1D6-4F46-90D2-B9A4F9C19F4B}"
EndProject
Global
	GlobalSection(SolutionConfigurationPlatforms) = preSolution
		Debug|Any CPU = Debug|Any CPU
		Release|Any CPU = Release|Any CPU
	EndGlobalSection
	GlobalSection(ProjectConfigurationPlatforms) = postSolution
		{766642B4-A1D6-4F46-90D2-B9A4F9C19F4B}.Debug|Any CPU.ActiveCfg = Debug|Any CPU
		{766642B4-A1D6-4F46-90D2-B9A4F9C19F4B}.Debug|Any CPU.Build.0 = Debug|Any CPU
		{766642B4-A1D6-4F46-90D2-B9A4F9C19F4B}.Release|Any CPU.ActiveCfg = Release|Any CPU
		{766642B4-A1D6-4F46-90D2-B9A4F9C19F4B}.Release|Any CPU.Build.0 = Release|Any CPU
	EndGlobalSection
	GlobalSection(SolutionProperties) = preSolution
		HideSolutionNode = FALSE
	EndGlobalSection
	GlobalSection(ExtensibilityGlobals) = postSolution
		SolutionGuid = {17401A6A-D7AA-48C4-AA06-3DC5A9B1E638}
	EndGlobalSection
EndGlobal
